// !$*UTF8*$!
{
	archiveVersion = 1;
	classes = {
	};
	objectVersion = 50;
	objects = {

/* Begin PBXBuildFile section */
		340CCEE0224CE88000BBEFCD /* AppDelegate.swift in Sources */ = {isa = PBXBuildFile; fileRef = 340CCEDF224CE88000BBEFCD /* AppDelegate.swift */; };
		340CCEE2224CE88000BBEFCD /* ViewController.swift in Sources */ = {isa = PBXBuildFile; fileRef = 340CCEE1224CE88000BBEFCD /* ViewController.swift */; };
		340CCEE5224CE88100BBEFCD /* Main.storyboard in Resources */ = {isa = PBXBuildFile; fileRef = 340CCEE3224CE88100BBEFCD /* Main.storyboard */; };
		340CCEE7224CE88400BBEFCD /* Assets.xcassets in Resources */ = {isa = PBXBuildFile; fileRef = 340CCEE6224CE88400BBEFCD /* Assets.xcassets */; };
		340CCEEA224CE88400BBEFCD /* LaunchScreen.storyboard in Resources */ = {isa = PBXBuildFile; fileRef = 340CCEE8224CE88400BBEFCD /* LaunchScreen.storyboard */; };
		340CCEF8224D0ED800BBEFCD /* PostTableViewCell.swift in Sources */ = {isa = PBXBuildFile; fileRef = 340CCEF7224D0ED800BBEFCD /* PostTableViewCell.swift */; };
		340CCEFA224D16D300BBEFCD /* APIManager.swift in Sources */ = {isa = PBXBuildFile; fileRef = 340CCEF9224D16D300BBEFCD /* APIManager.swift */; };
		340CCEFC224D250400BBEFCD /* TumblrResponse.swift in Sources */ = {isa = PBXBuildFile; fileRef = 340CCEFB224D250400BBEFCD /* TumblrResponse.swift */; };
		340CCEFE224D380700BBEFCD /* Post.swift in Sources */ = {isa = PBXBuildFile; fileRef = 340CCEFD224D380700BBEFCD /* Post.swift */; };
		340CCF0022528A9E00BBEFCD /* DetailViewController.swift in Sources */ = {isa = PBXBuildFile; fileRef = 340CCEFF22528A9E00BBEFCD /* DetailViewController.swift */; };
		340CCF022254A84800BBEFCD /* DetailPost.swift in Sources */ = {isa = PBXBuildFile; fileRef = 340CCF012254A84800BBEFCD /* DetailPost.swift */; };
		340CCF042254AF0100BBEFCD /* Notification+Name.swift in Sources */ = {isa = PBXBuildFile; fileRef = 340CCF032254AF0100BBEFCD /* Notification+Name.swift */; };
		42FE3E833C0A69E4B25ADB8D /* Pods_K3TestTask.framework in Frameworks */ = {isa = PBXBuildFile; fileRef = E6CF42C90E2688F40D55AD5D /* Pods_K3TestTask.framework */; };
/* End PBXBuildFile section */

/* Begin PBXFileReference section */
		340CCEDC224CE88000BBEFCD /* K3TestTask.app */ = {isa = PBXFileReference; explicitFileType = wrapper.application; includeInIndex = 0; path = K3TestTask.app; sourceTree = BUILT_PRODUCTS_DIR; };
		340CCEDF224CE88000BBEFCD /* AppDelegate.swift */ = {isa = PBXFileReference; lastKnownFileType = sourcecode.swift; path = AppDelegate.swift; sourceTree = "<group>"; };
		340CCEE1224CE88000BBEFCD /* ViewController.swift */ = {isa = PBXFileReference; lastKnownFileType = sourcecode.swift; path = ViewController.swift; sourceTree = "<group>"; };
		340CCEE4224CE88100BBEFCD /* Base */ = {isa = PBXFileReference; lastKnownFileType = file.storyboard; name = Base; path = Base.lproj/Main.storyboard; sourceTree = "<group>"; };
		340CCEE6224CE88400BBEFCD /* Assets.xcassets */ = {isa = PBXFileReference; lastKnownFileType = folder.assetcatalog; path = Assets.xcassets; sourceTree = "<group>"; };
		340CCEE9224CE88400BBEFCD /* Base */ = {isa = PBXFileReference; lastKnownFileType = file.storyboard; name = Base; path = Base.lproj/LaunchScreen.storyboard; sourceTree = "<group>"; };
		340CCEEB224CE88400BBEFCD /* Info.plist */ = {isa = PBXFileReference; lastKnownFileType = text.plist.xml; path = Info.plist; sourceTree = "<group>"; };
		340CCEF7224D0ED800BBEFCD /* PostTableViewCell.swift */ = {isa = PBXFileReference; lastKnownFileType = sourcecode.swift; path = PostTableViewCell.swift; sourceTree = "<group>"; };
		340CCEF9224D16D300BBEFCD /* APIManager.swift */ = {isa = PBXFileReference; lastKnownFileType = sourcecode.swift; path = APIManager.swift; sourceTree = "<group>"; };
		340CCEFB224D250400BBEFCD /* TumblrResponse.swift */ = {isa = PBXFileReference; lastKnownFileType = sourcecode.swift; path = TumblrResponse.swift; sourceTree = "<group>"; };
		340CCEFD224D380700BBEFCD /* Post.swift */ = {isa = PBXFileReference; lastKnownFileType = sourcecode.swift; path = Post.swift; sourceTree = "<group>"; };
		340CCEFF22528A9E00BBEFCD /* DetailViewController.swift */ = {isa = PBXFileReference; lastKnownFileType = sourcecode.swift; path = DetailViewController.swift; sourceTree = "<group>"; };
		340CCF012254A84800BBEFCD /* DetailPost.swift */ = {isa = PBXFileReference; lastKnownFileType = sourcecode.swift; path = DetailPost.swift; sourceTree = "<group>"; };
		340CCF032254AF0100BBEFCD /* Notification+Name.swift */ = {isa = PBXFileReference; lastKnownFileType = sourcecode.swift; path = "Notification+Name.swift"; sourceTree = "<group>"; };
		91CB4F13467071D708A5373B /* Pods-K3TestTask.debug.xcconfig */ = {isa = PBXFileReference; includeInIndex = 1; lastKnownFileType = text.xcconfig; name = "Pods-K3TestTask.debug.xcconfig"; path = "Pods/Target Support Files/Pods-K3TestTask/Pods-K3TestTask.debug.xcconfig"; sourceTree = "<group>"; };
		99283170D55644B4344A6E0F /* Pods-K3TestTask.release.xcconfig */ = {isa = PBXFileReference; includeInIndex = 1; lastKnownFileType = text.xcconfig; name = "Pods-K3TestTask.release.xcconfig"; path = "Pods/Target Support Files/Pods-K3TestTask/Pods-K3TestTask.release.xcconfig"; sourceTree = "<group>"; };
		E6CF42C90E2688F40D55AD5D /* Pods_K3TestTask.framework */ = {isa = PBXFileReference; explicitFileType = wrapper.framework; includeInIndex = 0; path = Pods_K3TestTask.framework; sourceTree = BUILT_PRODUCTS_DIR; };
/* End PBXFileReference section */

/* Begin PBXFrameworksBuildPhase section */
		340CCED9224CE88000BBEFCD /* Frameworks */ = {
			isa = PBXFrameworksBuildPhase;
			buildActionMask = 2147483647;
			files = (
				42FE3E833C0A69E4B25ADB8D /* Pods_K3TestTask.framework in Frameworks */,
			);
			runOnlyForDeploymentPostprocessing = 0;
		};
/* End PBXFrameworksBuildPhase section */

/* Begin PBXGroup section */
		142D7D0DB3535A63A69426F6 /* Frameworks */ = {
			isa = PBXGroup;
			children = (
				E6CF42C90E2688F40D55AD5D /* Pods_K3TestTask.framework */,
			);
			name = Frameworks;
			sourceTree = "<group>";
		};
		340CCED3224CE88000BBEFCD = {
			isa = PBXGroup;
			children = (
				340CCEDE224CE88000BBEFCD /* K3TestTask */,
				340CCEDD224CE88000BBEFCD /* Products */,
				8D9C51C5614DB34FDAD22264 /* Pods */,
				142D7D0DB3535A63A69426F6 /* Frameworks */,
			);
			sourceTree = "<group>";
		};
		340CCEDD224CE88000BBEFCD /* Products */ = {
			isa = PBXGroup;
			children = (
				340CCEDC224CE88000BBEFCD /* K3TestTask.app */,
			);
			name = Products;
			sourceTree = "<group>";
		};
		340CCEDE224CE88000BBEFCD /* K3TestTask */ = {
			isa = PBXGroup;
			children = (
				340CCEF1224CE90A00BBEFCD /* AppDelegate */,
				340CCEF5224CE94400BBEFCD /* Controllers */,
				340CCEF4224CE93700BBEFCD /* ViewModels */,
				340CCEF3224CE92600BBEFCD /* Views */,
				340CCEF2224CE91B00BBEFCD /* Models */,
				340CCEF6224D0E3700BBEFCD /* Utilities */,
				340CCEE6224CE88400BBEFCD /* Assets.xcassets */,
				340CCEEB224CE88400BBEFCD /* Info.plist */,
			);
			path = K3TestTask;
			sourceTree = "<group>";
		};
		340CCEF1224CE90A00BBEFCD /* AppDelegate */ = {
			isa = PBXGroup;
			children = (
				340CCEDF224CE88000BBEFCD /* AppDelegate.swift */,
			);
			path = AppDelegate;
			sourceTree = "<group>";
		};
		340CCEF2224CE91B00BBEFCD /* Models */ = {
			isa = PBXGroup;
			children = (
				340CCEFB224D250400BBEFCD /* TumblrResponse.swift */,
			);
			path = Models;
			sourceTree = "<group>";
		};
		340CCEF3224CE92600BBEFCD /* Views */ = {
			isa = PBXGroup;
			children = (
				340CCEE3224CE88100BBEFCD /* Main.storyboard */,
				340CCEE8224CE88400BBEFCD /* LaunchScreen.storyboard */,
				340CCEF7224D0ED800BBEFCD /* PostTableViewCell.swift */,
			);
			path = Views;
			sourceTree = "<group>";
		};
		340CCEF4224CE93700BBEFCD /* ViewModels */ = {
			isa = PBXGroup;
			children = (
				340CCEFD224D380700BBEFCD /* Post.swift */,
				340CCF012254A84800BBEFCD /* DetailPost.swift */,
			);
			path = ViewModels;
			sourceTree = "<group>";
		};
		340CCEF5224CE94400BBEFCD /* Controllers */ = {
			isa = PBXGroup;
			children = (
				340CCEE1224CE88000BBEFCD /* ViewController.swift */,
				340CCEFF22528A9E00BBEFCD /* DetailViewController.swift */,
			);
			path = Controllers;
			sourceTree = "<group>";
		};
		340CCEF6224D0E3700BBEFCD /* Utilities */ = {
			isa = PBXGroup;
			children = (
				340CCEF9224D16D300BBEFCD /* APIManager.swift */,
				340CCF032254AF0100BBEFCD /* Notification+Name.swift */,
			);
			path = Utilities;
			sourceTree = "<group>";
		};
		8D9C51C5614DB34FDAD22264 /* Pods */ = {
			isa = PBXGroup;
			children = (
				91CB4F13467071D708A5373B /* Pods-K3TestTask.debug.xcconfig */,
				99283170D55644B4344A6E0F /* Pods-K3TestTask.release.xcconfig */,
			);
			name = Pods;
			sourceTree = "<group>";
		};
/* End PBXGroup section */

/* Begin PBXNativeTarget section */
		340CCEDB224CE88000BBEFCD /* K3TestTask */ = {
			isa = PBXNativeTarget;
			buildConfigurationList = 340CCEEE224CE88400BBEFCD /* Build configuration list for PBXNativeTarget "K3TestTask" */;
			buildPhases = (
				E014BA95B8B96B0748BF6322 /* [CP] Check Pods Manifest.lock */,
				340CCED8224CE88000BBEFCD /* Sources */,
				340CCED9224CE88000BBEFCD /* Frameworks */,
				340CCEDA224CE88000BBEFCD /* Resources */,
				4B01E31AE77B0B41EA9C4FA3 /* [CP] Embed Pods Frameworks */,
			);
			buildRules = (
			);
			dependencies = (
			);
			name = K3TestTask;
			productName = K3TestTask;
			productReference = 340CCEDC224CE88000BBEFCD /* K3TestTask.app */;
			productType = "com.apple.product-type.application";
		};
/* End PBXNativeTarget section */

/* Begin PBXProject section */
		340CCED4224CE88000BBEFCD /* Project object */ = {
			isa = PBXProject;
			attributes = {
				LastSwiftUpdateCheck = 1010;
				LastUpgradeCheck = 1010;
				ORGANIZATIONNAME = "Evgeniya Ignatyeva";
				TargetAttributes = {
					340CCEDB224CE88000BBEFCD = {
						CreatedOnToolsVersion = 10.1;
					};
				};
			};
			buildConfigurationList = 340CCED7224CE88000BBEFCD /* Build configuration list for PBXProject "K3TestTask" */;
			compatibilityVersion = "Xcode 9.3";
			developmentRegion = en;
			hasScannedForEncodings = 0;
			knownRegions = (
				en,
				Base,
			);
			mainGroup = 340CCED3224CE88000BBEFCD;
			productRefGroup = 340CCEDD224CE88000BBEFCD /* Products */;
			projectDirPath = "";
			projectRoot = "";
			targets = (
				340CCEDB224CE88000BBEFCD /* K3TestTask */,
			);
		};
/* End PBXProject section */

/* Begin PBXResourcesBuildPhase section */
		340CCEDA224CE88000BBEFCD /* Resources */ = {
			isa = PBXResourcesBuildPhase;
			buildActionMask = 2147483647;
			files = (
				340CCEEA224CE88400BBEFCD /* LaunchScreen.storyboard in Resources */,
				340CCEE7224CE88400BBEFCD /* Assets.xcassets in Resources */,
				340CCEE5224CE88100BBEFCD /* Main.storyboard in Resources */,
			);
			runOnlyForDeploymentPostprocessing = 0;
		};
/* End PBXResourcesBuildPhase section */

/* Begin PBXShellScriptBuildPhase section */
		4B01E31AE77B0B41EA9C4FA3 /* [CP] Embed Pods Frameworks */ = {
			isa = PBXShellScriptBuildPhase;
			buildActionMask = 2147483647;
			files = (
			);
			inputFileListPaths = (
			);
			inputPaths = (
				"${SRCROOT}/Pods/Target Support Files/Pods-K3TestTask/Pods-K3TestTask-frameworks.sh",
				"${BUILT_PRODUCTS_DIR}/SDWebImage/SDWebImage.framework",
			);
			name = "[CP] Embed Pods Frameworks";
			outputFileListPaths = (
			);
			outputPaths = (
				"${TARGET_BUILD_DIR}/${FRAMEWORKS_FOLDER_PATH}/SDWebImage.framework",
			);
			runOnlyForDeploymentPostprocessing = 0;
			shellPath = /bin/sh;
			shellScript = "\"${SRCROOT}/Pods/Target Support Files/Pods-K3TestTask/Pods-K3TestTask-frameworks.sh\"\n";
			showEnvVarsInLog = 0;
		};
		E014BA95B8B96B0748BF6322 /* [CP] Check Pods Manifest.lock */ = {
			isa = PBXShellScriptBuildPhase;
			buildActionMask = 2147483647;
			files = (
			);
			inputFileListPaths = (
			);
			inputPaths = (
				"${PODS_PODFILE_DIR_PATH}/Podfile.lock",
				"${PODS_ROOT}/Manifest.lock",
			);
			name = "[CP] Check Pods Manifest.lock";
			outputFileListPaths = (
			);
			outputPaths = (
				"$(DERIVED_FILE_DIR)/Pods-K3TestTask-checkManifestLockResult.txt",
			);
			runOnlyForDeploymentPostprocessing = 0;
			shellPath = /bin/sh;
			shellScript = "diff \"${PODS_PODFILE_DIR_PATH}/Podfile.lock\" \"${PODS_ROOT}/Manifest.lock\" > /dev/null\nif [ $? != 0 ] ; then\n    # print error to STDERR\n    echo \"error: The sandbox is not in sync with the Podfile.lock. Run 'pod install' or update your CocoaPods installation.\" >&2\n    exit 1\nfi\n# This output is used by Xcode 'outputs' to avoid re-running this script phase.\necho \"SUCCESS\" > \"${SCRIPT_OUTPUT_FILE_0}\"\n";
			showEnvVarsInLog = 0;
		};
/* End PBXShellScriptBuildPhase section */

/* Begin PBXSourcesBuildPhase section */
		340CCED8224CE88000BBEFCD /* Sources */ = {
			isa = PBXSourcesBuildPhase;
			buildActionMask = 2147483647;
			files = (
				340CCEFA224D16D300BBEFCD /* APIManager.swift in Sources */,
				340CCEFC224D250400BBEFCD /* TumblrResponse.swift in Sources */,
				340CCEE2224CE88000BBEFCD /* ViewController.swift in Sources */,
				340CCEFE224D380700BBEFCD /* Post.swift in Sources */,
				340CCF022254A84800BBEFCD /* DetailPost.swift in Sources */,
				340CCEE0224CE88000BBEFCD /* AppDelegate.swift in Sources */,
				340CCEF8224D0ED800BBEFCD /* PostTableViewCell.swift in Sources */,
				340CCF0022528A9E00BBEFCD /* DetailViewController.swift in Sources */,
				340CCF042254AF0100BBEFCD /* Notification+Name.swift in Sources */,
			);
			runOnlyForDeploymentPostprocessing = 0;
		};
/* End PBXSourcesBuildPhase section */

/* Begin PBXVariantGroup section */
		340CCEE3224CE88100BBEFCD /* Main.storyboard */ = {
			isa = PBXVariantGroup;
			children = (
				340CCEE4224CE88100BBEFCD /* Base */,
			);
			name = Main.storyboard;
			sourceTree = "<group>";
		};
		340CCEE8224CE88400BBEFCD /* LaunchScreen.storyboard */ = {
			isa = PBXVariantGroup;
			children = (
				340CCEE9224CE88400BBEFCD /* Base */,
			);
			name = LaunchScreen.storyboard;
			sourceTree = "<group>";
		};
/* End PBXVariantGroup section */

/* Begin XCBuildConfiguration section */
		340CCEEC224CE88400BBEFCD /* Debug */ = {
			isa = XCBuildConfiguration;
			buildSettings = {
				ALWAYS_SEARCH_USER_PATHS = NO;
				CLANG_ANALYZER_NONNULL = YES;
				CLANG_ANALYZER_NUMBER_OBJECT_CONVERSION = YES_AGGRESSIVE;
				CLANG_CXX_LANGUAGE_STANDARD = "gnu++14";
				CLANG_CXX_LIBRARY = "libc++";
				CLANG_ENABLE_MODULES = YES;
				CLANG_ENABLE_OBJC_ARC = YES;
				CLANG_ENABLE_OBJC_WEAK = YES;
				CLANG_WARN_BLOCK_CAPTURE_AUTORELEASING = YES;
				CLANG_WARN_BOOL_CONVERSION = YES;
				CLANG_WARN_COMMA = YES;
				CLANG_WARN_CONSTANT_CONVERSION = YES;
				CLANG_WARN_DEPRECATED_OBJC_IMPLEMENTATIONS = YES;
				CLANG_WARN_DIRECT_OBJC_ISA_USAGE = YES_ERROR;
				CLANG_WARN_DOCUMENTATION_COMMENTS = YES;
				CLANG_WARN_EMPTY_BODY = YES;
				CLANG_WARN_ENUM_CONVERSION = YES;
				CLANG_WARN_INFINITE_RECURSION = YES;
				CLANG_WARN_INT_CONVERSION = YES;
				CLANG_WARN_NON_LITERAL_NULL_CONVERSION = YES;
				CLANG_WARN_OBJC_IMPLICIT_RETAIN_SELF = YES;
				CLANG_WARN_OBJC_LITERAL_CONVERSION = YES;
				CLANG_WARN_OBJC_ROOT_CLASS = YES_ERROR;
				CLANG_WARN_RANGE_LOOP_ANALYSIS = YES;
				CLANG_WARN_STRICT_PROTOTYPES = YES;
				CLANG_WARN_SUSPICIOUS_MOVE = YES;
				CLANG_WARN_UNGUARDED_AVAILABILITY = YES_AGGRESSIVE;
				CLANG_WARN_UNREACHABLE_CODE = YES;
				CLANG_WARN__DUPLICATE_METHOD_MATCH = YES;
				CODE_SIGN_IDENTITY = "iPhone Developer";
				COPY_PHASE_STRIP = NO;
				DEBUG_INFORMATION_FORMAT = dwarf;
				ENABLE_STRICT_OBJC_MSGSEND = YES;
				ENABLE_TESTABILITY = YES;
				GCC_C_LANGUAGE_STANDARD = gnu11;
				GCC_DYNAMIC_NO_PIC = NO;
				GCC_NO_COMMON_BLOCKS = YES;
				GCC_OPTIMIZATION_LEVEL = 0;
				GCC_PREPROCESSOR_DEFINITIONS = (
					"DEBUG=1",
					"$(inherited)",
				);
				GCC_WARN_64_TO_32_BIT_CONVERSION = YES;
				GCC_WARN_ABOUT_RETURN_TYPE = YES_ERROR;
				GCC_WARN_UNDECLARED_SELECTOR = YES;
				GCC_WARN_UNINITIALIZED_AUTOS = YES_AGGRESSIVE;
				GCC_WARN_UNUSED_FUNCTION = YES;
				GCC_WARN_UNUSED_VARIABLE = YES;
				IPHONEOS_DEPLOYMENT_TARGET = 12.1;
				MTL_ENABLE_DEBUG_INFO = INCLUDE_SOURCE;
				MTL_FAST_MATH = YES;
				ONLY_ACTIVE_ARCH = YES;
				SDKROOT = iphoneos;
				SWIFT_ACTIVE_COMPILATION_CONDITIONS = DEBUG;
				SWIFT_OPTIMIZATION_LEVEL = "-Onone";
			};
			name = Debug;
		};
		340CCEED224CE88400BBEFCD /* Release */ = {
			isa = XCBuildConfiguration;
			buildSettings = {
				ALWAYS_SEARCH_USER_PATHS = NO;
				CLANG_ANALYZER_NONNULL = YES;
				CLANG_ANALYZER_NUMBER_OBJECT_CONVERSION = YES_AGGRESSIVE;
				CLANG_CXX_LANGUAGE_STANDARD = "gnu++14";
				CLANG_CXX_LIBRARY = "libc++";
				CLANG_ENABLE_MODULES = YES;
				CLANG_ENABLE_OBJC_ARC = YES;
				CLANG_ENABLE_OBJC_WEAK = YES;
				CLANG_WARN_BLOCK_CAPTURE_AUTORELEASING = YES;
				CLANG_WARN_BOOL_CONVERSION = YES;
				CLANG_WARN_COMMA = YES;
				CLANG_WARN_CONSTANT_CONVERSION = YES;
				CLANG_WARN_DEPRECATED_OBJC_IMPLEMENTATIONS = YES;
				CLANG_WARN_DIRECT_OBJC_ISA_USAGE = YES_ERROR;
				CLANG_WARN_DOCUMENTATION_COMMENTS = YES;
				CLANG_WARN_EMPTY_BODY = YES;
				CLANG_WARN_ENUM_CONVERSION = YES;
				CLANG_WARN_INFINITE_RECURSION = YES;
				CLANG_WARN_INT_CONVERSION = YES;
				CLANG_WARN_NON_LITERAL_NULL_CONVERSION = YES;
				CLANG_WARN_OBJC_IMPLICIT_RETAIN_SELF = YES;
				CLANG_WARN_OBJC_LITERAL_CONVERSION = YES;
				CLANG_WARN_OBJC_ROOT_CLASS = YES_ERROR;
				CLANG_WARN_RANGE_LOOP_ANALYSIS = YES;
				CLANG_WARN_STRICT_PROTOTYPES = YES;
				CLANG_WARN_SUSPICIOUS_MOVE = YES;
				CLANG_WARN_UNGUARDED_AVAILABILITY = YES_AGGRESSIVE;
				CLANG_WARN_UNREACHABLE_CODE = YES;
				CLANG_WARN__DUPLICATE_METHOD_MATCH = YES;
				CODE_SIGN_IDENTITY = "iPhone Developer";
				COPY_PHASE_STRIP = NO;
				DEBUG_INFORMATION_FORMAT = "dwarf-with-dsym";
				ENABLE_NS_ASSERTIONS = NO;
				ENABLE_STRICT_OBJC_MSGSEND = YES;
				GCC_C_LANGUAGE_STANDARD = gnu11;
				GCC_NO_COMMON_BLOCKS = YES;
				GCC_WARN_64_TO_32_BIT_CONVERSION = YES;
				GCC_WARN_ABOUT_RETURN_TYPE = YES_ERROR;
				GCC_WARN_UNDECLARED_SELECTOR = YES;
				GCC_WARN_UNINITIALIZED_AUTOS = YES_AGGRESSIVE;
				GCC_WARN_UNUSED_FUNCTION = YES;
				GCC_WARN_UNUSED_VARIABLE = YES;
				IPHONEOS_DEPLOYMENT_TARGET = 12.1;
				MTL_ENABLE_DEBUG_INFO = NO;
				MTL_FAST_MATH = YES;
				SDKROOT = iphoneos;
				SWIFT_COMPILATION_MODE = wholemodule;
				SWIFT_OPTIMIZATION_LEVEL = "-O";
				VALIDATE_PRODUCT = YES;
			};
			name = Release;
		};
		340CCEEF224CE88400BBEFCD /* Debug */ = {
			isa = XCBuildConfiguration;
			baseConfigurationReference = 91CB4F13467071D708A5373B /* Pods-K3TestTask.debug.xcconfig */;
			buildSettings = {
				ASSETCATALOG_COMPILER_APPICON_NAME = AppIcon;
				CODE_SIGN_STYLE = Automatic;
				DEVELOPMENT_TEAM = SBVU435NB3;
				INFOPLIST_FILE = K3TestTask/Info.plist;
				LD_RUNPATH_SEARCH_PATHS = (
					"$(inherited)",
					"@executable_path/Frameworks",
				);
				PRODUCT_BUNDLE_IDENTIFIER = com.ignatyeva.K3TestTask;
				PRODUCT_NAME = "$(TARGET_NAME)";
				SWIFT_VERSION = 4.2;
				TARGETED_DEVICE_FAMILY = "1,2";
			};
			name = Debug;
		};
		340CCEF0224CE88400BBEFCD /* Release */ = {
			isa = XCBuildConfiguration;
			baseConfigurationReference = 99283170D55644B4344A6E0F /* Pods-K3TestTask.release.xcconfig */;
			buildSettings = {
				ASSETCATALOG_COMPILER_APPICON_NAME = AppIcon;
				CODE_SIGN_STYLE = Automatic;
				DEVELOPMENT_TEAM = SBVU435NB3;
				INFOPLIST_FILE = K3TestTask/Info.plist;
				LD_RUNPATH_SEARCH_PATHS = (
					"$(inherited)",
					"@executable_path/Frameworks",
				);
				PRODUCT_BUNDLE_IDENTIFIER = com.ignatyeva.K3TestTask;
				PRODUCT_NAME = "$(TARGET_NAME)";
				SWIFT_VERSION = 4.2;
				TARGETED_DEVICE_FAMILY = "1,2";
			};
			name = Release;
		};
/* End XCBuildConfiguration section */

/* Begin XCConfigurationList section */
		340CCED7224CE88000BBEFCD /* Build configuration list for PBXProject "K3TestTask" */ = {
			isa = XCConfigurationList;
			buildConfigurations = (
				340CCEEC224CE88400BBEFCD /* Debug */,
				340CCEED224CE88400BBEFCD /* Release */,
			);
			defaultConfigurationIsVisible = 0;
			defaultConfigurationName = Release;
		};
		340CCEEE224CE88400BBEFCD /* Build configuration list for PBXNativeTarget "K3TestTask" */ = {
			isa = XCConfigurationList;
			buildConfigurations = (
				340CCEEF224CE88400BBEFCD /* Debug */,
				340CCEF0224CE88400BBEFCD /* Release */,
			);
			defaultConfigurationIsVisible = 0;
			defaultConfigurationName = Release;
		};
/* End XCConfigurationList section */
	};
	rootObject = 340CCED4224CE88000BBEFCD /* Project object */;
}
